// !$*UTF8*$!
{
	archiveVersion = 1;
	classes = {
	};
	objectVersion = 50;
	objects = {

/* Begin PBXBuildFile section */
		234E137421B1EC9C64F0C4A9 /* Pods_BabylonDemo.framework in Frameworks */ = {isa = PBXBuildFile; fileRef = A40032CE96D671C1D018CA28 /* Pods_BabylonDemo.framework */; };
		3D308B6C22149F2600FC49C1 /* Appearance.swift in Sources */ = {isa = PBXBuildFile; fileRef = 3D308B6B22149F2600FC49C1 /* Appearance.swift */; };
		3D308B6E22149F2D00FC49C1 /* Colors.swift in Sources */ = {isa = PBXBuildFile; fileRef = 3D308B6D22149F2D00FC49C1 /* Colors.swift */; };
		3D308B722214B83900FC49C1 /* Montserrat-SemiBold.ttf in Resources */ = {isa = PBXBuildFile; fileRef = 3D308B712214B7AD00FC49C1 /* Montserrat-SemiBold.ttf */; };
		3D39737022157175003D45FD /* RepresentationProtocol.swift in Sources */ = {isa = PBXBuildFile; fileRef = 3D39736F22157175003D45FD /* RepresentationProtocol.swift */; };
		3D3973722215D74F003D45FD /* FeedError.swift in Sources */ = {isa = PBXBuildFile; fileRef = 3D3973712215D74F003D45FD /* FeedError.swift */; };
		3D397388221603D4003D45FD /* ErrorView.swift in Sources */ = {isa = PBXBuildFile; fileRef = 3D397387221603D4003D45FD /* ErrorView.swift */; };
		3D3F5AA4221426AC00E09F86 /* PostDetailViewModel.swift in Sources */ = {isa = PBXBuildFile; fileRef = 3D3F5AA3221426AC00E09F86 /* PostDetailViewModel.swift */; };
		3D3F5AA622144FB600E09F86 /* PostDetailViewController.swift in Sources */ = {isa = PBXBuildFile; fileRef = 3D3F5AA522144FB600E09F86 /* PostDetailViewController.swift */; };
		3D3F5AA822146A3B00E09F86 /* AppCoordinator.swift in Sources */ = {isa = PBXBuildFile; fileRef = 3D3F5AA722146A3B00E09F86 /* AppCoordinator.swift */; };
		3D4382B32212E6570046D568 /* FeedViewModel.swift in Sources */ = {isa = PBXBuildFile; fileRef = 3D4382B22212E6570046D568 /* FeedViewModel.swift */; };
		3D4382B52212F3F00046D568 /* ViewModelType.swift in Sources */ = {isa = PBXBuildFile; fileRef = 3D4382B42212F3F00046D568 /* ViewModelType.swift */; };
		3D4382B72212FBA70046D568 /* FeedViewController.swift in Sources */ = {isa = PBXBuildFile; fileRef = 3D4382B62212FBA70046D568 /* FeedViewController.swift */; };
		3D4382BB221340930046D568 /* FeedViewModelTests.swift in Sources */ = {isa = PBXBuildFile; fileRef = 3D4382BA221340930046D568 /* FeedViewModelTests.swift */; };
		3D4382BD221341AA0046D568 /* TestData.swift in Sources */ = {isa = PBXBuildFile; fileRef = 3D4382BC221341AA0046D568 /* TestData.swift */; };
		3D4382C1221346190046D568 /* DataLoader.swift in Sources */ = {isa = PBXBuildFile; fileRef = 3D4382C0221346190046D568 /* DataLoader.swift */; };
		3D4382C322134A040046D568 /* MockLoader.swift in Sources */ = {isa = PBXBuildFile; fileRef = 3D4382C222134A040046D568 /* MockLoader.swift */; };
		3D4E8BEC22118E8900644FA1 /* AppDelegate.swift in Sources */ = {isa = PBXBuildFile; fileRef = 3D4E8BEB22118E8900644FA1 /* AppDelegate.swift */; };
		3D4E8BF122118E8900644FA1 /* Main.storyboard in Resources */ = {isa = PBXBuildFile; fileRef = 3D4E8BEF22118E8900644FA1 /* Main.storyboard */; };
		3D4E8BF322118E8A00644FA1 /* Assets.xcassets in Resources */ = {isa = PBXBuildFile; fileRef = 3D4E8BF222118E8A00644FA1 /* Assets.xcassets */; };
		3D4E8BF622118E8A00644FA1 /* LaunchScreen.storyboard in Resources */ = {isa = PBXBuildFile; fileRef = 3D4E8BF422118E8A00644FA1 /* LaunchScreen.storyboard */; };
		3D4E8C16221192FF00644FA1 /* PostRepresentation.swift in Sources */ = {isa = PBXBuildFile; fileRef = 3D4E8C15221192FF00644FA1 /* PostRepresentation.swift */; };
		3D4E8C1822119C1C00644FA1 /* CommentRepresentation.swift in Sources */ = {isa = PBXBuildFile; fileRef = 3D4E8C1722119C1C00644FA1 /* CommentRepresentation.swift */; };
		3D4E8C1A2211A2A700644FA1 /* UserRepresentation.swift in Sources */ = {isa = PBXBuildFile; fileRef = 3D4E8C192211A2A700644FA1 /* UserRepresentation.swift */; };
		3D4E8C1C2211A2FD00644FA1 /* FeedStore.swift in Sources */ = {isa = PBXBuildFile; fileRef = 3D4E8C1B2211A2FD00644FA1 /* FeedStore.swift */; };
		3D4E8C1F2211A36E00644FA1 /* Feed.xcdatamodeld in Sources */ = {isa = PBXBuildFile; fileRef = 3D4E8C1D2211A36E00644FA1 /* Feed.xcdatamodeld */; };
		3D4E8C212211A9B800644FA1 /* FeedAPI.swift in Sources */ = {isa = PBXBuildFile; fileRef = 3D4E8C202211A9B800644FA1 /* FeedAPI.swift */; };
		3D4E8C232211B88100644FA1 /* FeedLoader.swift in Sources */ = {isa = PBXBuildFile; fileRef = 3D4E8C222211B88100644FA1 /* FeedLoader.swift */; };
		F30E8B8765CF22AEB60B4FED /* Pods_BabylonDemoTests.framework in Frameworks */ = {isa = PBXBuildFile; fileRef = 4980E3A8E57C0C14BE2DF316 /* Pods_BabylonDemoTests.framework */; };
/* End PBXBuildFile section */

/* Begin PBXContainerItemProxy section */
		3D4E8C0B2211906A00644FA1 /* PBXContainerItemProxy */ = {
			isa = PBXContainerItemProxy;
			containerPortal = 3D4E8BE022118E8900644FA1 /* Project object */;
			proxyType = 1;
			remoteGlobalIDString = 3D4E8BE722118E8900644FA1;
			remoteInfo = BabylonDemo;
		};
/* End PBXContainerItemProxy section */

/* Begin PBXFileReference section */
		12B5C67A0D2E0220BB247B6B /* Pods-BabylonDemo.debug.xcconfig */ = {isa = PBXFileReference; includeInIndex = 1; lastKnownFileType = text.xcconfig; name = "Pods-BabylonDemo.debug.xcconfig"; path = "Pods/Target Support Files/Pods-BabylonDemo/Pods-BabylonDemo.debug.xcconfig"; sourceTree = "<group>"; };
		3D308B6B22149F2600FC49C1 /* Appearance.swift */ = {isa = PBXFileReference; lastKnownFileType = sourcecode.swift; path = Appearance.swift; sourceTree = "<group>"; };
		3D308B6D22149F2D00FC49C1 /* Colors.swift */ = {isa = PBXFileReference; lastKnownFileType = sourcecode.swift; path = Colors.swift; sourceTree = "<group>"; };
		3D308B712214B7AD00FC49C1 /* Montserrat-SemiBold.ttf */ = {isa = PBXFileReference; lastKnownFileType = file; path = "Montserrat-SemiBold.ttf"; sourceTree = "<group>"; };
		3D39736F22157175003D45FD /* RepresentationProtocol.swift */ = {isa = PBXFileReference; lastKnownFileType = sourcecode.swift; path = RepresentationProtocol.swift; sourceTree = "<group>"; };
		3D3973712215D74F003D45FD /* FeedError.swift */ = {isa = PBXFileReference; lastKnownFileType = sourcecode.swift; path = FeedError.swift; sourceTree = "<group>"; };
		3D397387221603D4003D45FD /* ErrorView.swift */ = {isa = PBXFileReference; lastKnownFileType = sourcecode.swift; path = ErrorView.swift; sourceTree = "<group>"; };
		3D3F5AA3221426AC00E09F86 /* PostDetailViewModel.swift */ = {isa = PBXFileReference; lastKnownFileType = sourcecode.swift; path = PostDetailViewModel.swift; sourceTree = "<group>"; };
		3D3F5AA522144FB600E09F86 /* PostDetailViewController.swift */ = {isa = PBXFileReference; lastKnownFileType = sourcecode.swift; path = PostDetailViewController.swift; sourceTree = "<group>"; };
		3D3F5AA722146A3B00E09F86 /* AppCoordinator.swift */ = {isa = PBXFileReference; lastKnownFileType = sourcecode.swift; path = AppCoordinator.swift; sourceTree = "<group>"; };
		3D4382B22212E6570046D568 /* FeedViewModel.swift */ = {isa = PBXFileReference; lastKnownFileType = sourcecode.swift; path = FeedViewModel.swift; sourceTree = "<group>"; };
		3D4382B42212F3F00046D568 /* ViewModelType.swift */ = {isa = PBXFileReference; lastKnownFileType = sourcecode.swift; path = ViewModelType.swift; sourceTree = "<group>"; };
		3D4382B62212FBA70046D568 /* FeedViewController.swift */ = {isa = PBXFileReference; lastKnownFileType = sourcecode.swift; path = FeedViewController.swift; sourceTree = "<group>"; };
		3D4382BA221340930046D568 /* FeedViewModelTests.swift */ = {isa = PBXFileReference; lastKnownFileType = sourcecode.swift; path = FeedViewModelTests.swift; sourceTree = "<group>"; };
		3D4382BC221341AA0046D568 /* TestData.swift */ = {isa = PBXFileReference; lastKnownFileType = sourcecode.swift; path = TestData.swift; sourceTree = "<group>"; };
		3D4382C0221346190046D568 /* DataLoader.swift */ = {isa = PBXFileReference; lastKnownFileType = sourcecode.swift; path = DataLoader.swift; sourceTree = "<group>"; };
		3D4382C222134A040046D568 /* MockLoader.swift */ = {isa = PBXFileReference; lastKnownFileType = sourcecode.swift; path = MockLoader.swift; sourceTree = "<group>"; };
		3D4E8BE822118E8900644FA1 /* BabylonDemo.app */ = {isa = PBXFileReference; explicitFileType = wrapper.application; includeInIndex = 0; path = BabylonDemo.app; sourceTree = BUILT_PRODUCTS_DIR; };
		3D4E8BEB22118E8900644FA1 /* AppDelegate.swift */ = {isa = PBXFileReference; lastKnownFileType = sourcecode.swift; path = AppDelegate.swift; sourceTree = "<group>"; };
		3D4E8BF022118E8900644FA1 /* Base */ = {isa = PBXFileReference; lastKnownFileType = file.storyboard; name = Base; path = Base.lproj/Main.storyboard; sourceTree = "<group>"; };
		3D4E8BF222118E8A00644FA1 /* Assets.xcassets */ = {isa = PBXFileReference; lastKnownFileType = folder.assetcatalog; path = Assets.xcassets; sourceTree = "<group>"; };
		3D4E8BF522118E8A00644FA1 /* Base */ = {isa = PBXFileReference; lastKnownFileType = file.storyboard; name = Base; path = Base.lproj/LaunchScreen.storyboard; sourceTree = "<group>"; };
		3D4E8BF722118E8A00644FA1 /* Info.plist */ = {isa = PBXFileReference; lastKnownFileType = text.plist.xml; path = Info.plist; sourceTree = "<group>"; };
		3D4E8C062211906A00644FA1 /* BabylonDemoTests.xctest */ = {isa = PBXFileReference; explicitFileType = wrapper.cfbundle; includeInIndex = 0; path = BabylonDemoTests.xctest; sourceTree = BUILT_PRODUCTS_DIR; };
		3D4E8C0A2211906A00644FA1 /* Info.plist */ = {isa = PBXFileReference; lastKnownFileType = text.plist.xml; path = Info.plist; sourceTree = "<group>"; };
		3D4E8C15221192FF00644FA1 /* PostRepresentation.swift */ = {isa = PBXFileReference; lastKnownFileType = sourcecode.swift; path = PostRepresentation.swift; sourceTree = "<group>"; };
		3D4E8C1722119C1C00644FA1 /* CommentRepresentation.swift */ = {isa = PBXFileReference; lastKnownFileType = sourcecode.swift; path = CommentRepresentation.swift; sourceTree = "<group>"; };
		3D4E8C192211A2A700644FA1 /* UserRepresentation.swift */ = {isa = PBXFileReference; lastKnownFileType = sourcecode.swift; path = UserRepresentation.swift; sourceTree = "<group>"; };
		3D4E8C1B2211A2FD00644FA1 /* FeedStore.swift */ = {isa = PBXFileReference; lastKnownFileType = sourcecode.swift; path = FeedStore.swift; sourceTree = "<group>"; };
		3D4E8C1E2211A36E00644FA1 /* Feed.xcdatamodel */ = {isa = PBXFileReference; lastKnownFileType = wrapper.xcdatamodel; path = Feed.xcdatamodel; sourceTree = "<group>"; };
		3D4E8C202211A9B800644FA1 /* FeedAPI.swift */ = {isa = PBXFileReference; lastKnownFileType = sourcecode.swift; path = FeedAPI.swift; sourceTree = "<group>"; };
		3D4E8C222211B88100644FA1 /* FeedLoader.swift */ = {isa = PBXFileReference; lastKnownFileType = sourcecode.swift; path = FeedLoader.swift; sourceTree = "<group>"; };
		4980E3A8E57C0C14BE2DF316 /* Pods_BabylonDemoTests.framework */ = {isa = PBXFileReference; explicitFileType = wrapper.framework; includeInIndex = 0; path = Pods_BabylonDemoTests.framework; sourceTree = BUILT_PRODUCTS_DIR; };
		686B912F40E3092E35C074BD /* Pods-BabylonDemo.release.xcconfig */ = {isa = PBXFileReference; includeInIndex = 1; lastKnownFileType = text.xcconfig; name = "Pods-BabylonDemo.release.xcconfig"; path = "Pods/Target Support Files/Pods-BabylonDemo/Pods-BabylonDemo.release.xcconfig"; sourceTree = "<group>"; };
		6EF5041803540F2E75E8D6FA /* Pods-BabylonDemoTests.debug.xcconfig */ = {isa = PBXFileReference; includeInIndex = 1; lastKnownFileType = text.xcconfig; name = "Pods-BabylonDemoTests.debug.xcconfig"; path = "Pods/Target Support Files/Pods-BabylonDemoTests/Pods-BabylonDemoTests.debug.xcconfig"; sourceTree = "<group>"; };
		A40032CE96D671C1D018CA28 /* Pods_BabylonDemo.framework */ = {isa = PBXFileReference; explicitFileType = wrapper.framework; includeInIndex = 0; path = Pods_BabylonDemo.framework; sourceTree = BUILT_PRODUCTS_DIR; };
		EA7D74BD4374D575C58E8316 /* Pods-BabylonDemoTests.release.xcconfig */ = {isa = PBXFileReference; includeInIndex = 1; lastKnownFileType = text.xcconfig; name = "Pods-BabylonDemoTests.release.xcconfig"; path = "Pods/Target Support Files/Pods-BabylonDemoTests/Pods-BabylonDemoTests.release.xcconfig"; sourceTree = "<group>"; };
/* End PBXFileReference section */

/* Begin PBXFrameworksBuildPhase section */
		3D4E8BE522118E8900644FA1 /* Frameworks */ = {
			isa = PBXFrameworksBuildPhase;
			buildActionMask = 2147483647;
			files = (
				234E137421B1EC9C64F0C4A9 /* Pods_BabylonDemo.framework in Frameworks */,
			);
			runOnlyForDeploymentPostprocessing = 0;
		};
		3D4E8C032211906A00644FA1 /* Frameworks */ = {
			isa = PBXFrameworksBuildPhase;
			buildActionMask = 2147483647;
			files = (
				F30E8B8765CF22AEB60B4FED /* Pods_BabylonDemoTests.framework in Frameworks */,
			);
			runOnlyForDeploymentPostprocessing = 0;
		};
/* End PBXFrameworksBuildPhase section */

/* Begin PBXGroup section */
		16DA00E1C79F32647C00DD12 /* Pods */ = {
			isa = PBXGroup;
			children = (
				12B5C67A0D2E0220BB247B6B /* Pods-BabylonDemo.debug.xcconfig */,
				686B912F40E3092E35C074BD /* Pods-BabylonDemo.release.xcconfig */,
				6EF5041803540F2E75E8D6FA /* Pods-BabylonDemoTests.debug.xcconfig */,
				EA7D74BD4374D575C58E8316 /* Pods-BabylonDemoTests.release.xcconfig */,
			);
			name = Pods;
			sourceTree = "<group>";
		};
		3D3973862216037E003D45FD /* Shared */ = {
			isa = PBXGroup;
			children = (
				3D397387221603D4003D45FD /* ErrorView.swift */,
			);
			path = Shared;
			sourceTree = "<group>";
		};
		3D4E8BDF22118E8900644FA1 = {
			isa = PBXGroup;
			children = (
				3D4E8BEA22118E8900644FA1 /* BabylonDemo */,
				3D4E8C072211906A00644FA1 /* BabylonDemoTests */,
				3D4E8BE922118E8900644FA1 /* Products */,
				16DA00E1C79F32647C00DD12 /* Pods */,
				BAB1ACCE46036C934DDE6215 /* Frameworks */,
			);
			sourceTree = "<group>";
		};
		3D4E8BE922118E8900644FA1 /* Products */ = {
			isa = PBXGroup;
			children = (
				3D4E8BE822118E8900644FA1 /* BabylonDemo.app */,
				3D4E8C062211906A00644FA1 /* BabylonDemoTests.xctest */,
			);
			name = Products;
			sourceTree = "<group>";
		};
		3D4E8BEA22118E8900644FA1 /* BabylonDemo */ = {
			isa = PBXGroup;
			children = (
				3D4E8BEB22118E8900644FA1 /* AppDelegate.swift */,
				3D3F5AA722146A3B00E09F86 /* AppCoordinator.swift */,
				3D4E8C0122118FDF00644FA1 /* Models */,
				3D4E8C0022118FC700644FA1 /* Services */,
				3D4E8BFF22118FBA00644FA1 /* ViewModels */,
				3D4E8BFE22118F9F00644FA1 /* ViewControllers */,
				3D4E8BFD22118F8000644FA1 /* Resources */,
				3D4E8C10221190D600644FA1 /* Extensions */,
				3D4E8C11221190DC00644FA1 /* Utils */,
			);
			path = BabylonDemo;
			sourceTree = "<group>";
		};
		3D4E8BFD22118F8000644FA1 /* Resources */ = {
			isa = PBXGroup;
			children = (
				3D4E8BEF22118E8900644FA1 /* Main.storyboard */,
				3D4E8BF222118E8A00644FA1 /* Assets.xcassets */,
				3D4E8BF422118E8A00644FA1 /* LaunchScreen.storyboard */,
				3D308B712214B7AD00FC49C1 /* Montserrat-SemiBold.ttf */,
				3D4E8BF722118E8A00644FA1 /* Info.plist */,
			);
			path = Resources;
			sourceTree = "<group>";
		};
		3D4E8BFE22118F9F00644FA1 /* ViewControllers */ = {
			isa = PBXGroup;
			children = (
				3D4E8C132211918400644FA1 /* PostFeed */,
				3D4E8C14221191B200644FA1 /* PostDetail */,
				3D3973862216037E003D45FD /* Shared */,
			);
			path = ViewControllers;
			sourceTree = "<group>";
		};
		3D4E8BFF22118FBA00644FA1 /* ViewModels */ = {
			isa = PBXGroup;
			children = (
				3D4382B22212E6570046D568 /* FeedViewModel.swift */,
				3D3F5AA3221426AC00E09F86 /* PostDetailViewModel.swift */,
				3D4382B42212F3F00046D568 /* ViewModelType.swift */,
			);
			path = ViewModels;
			sourceTree = "<group>";
		};
		3D4E8C0022118FC700644FA1 /* Services */ = {
			isa = PBXGroup;
			children = (
				3D4E8C222211B88100644FA1 /* FeedLoader.swift */,
				3D4E8C1B2211A2FD00644FA1 /* FeedStore.swift */,
				3D4E8C202211A9B800644FA1 /* FeedAPI.swift */,
				3D4382C0221346190046D568 /* DataLoader.swift */,
				3D3973712215D74F003D45FD /* FeedError.swift */,
			);
			path = Services;
			sourceTree = "<group>";
		};
		3D4E8C0122118FDF00644FA1 /* Models */ = {
			isa = PBXGroup;
			children = (
				3D4E8C1D2211A36E00644FA1 /* Feed.xcdatamodeld */,
				3D4E8C15221192FF00644FA1 /* PostRepresentation.swift */,
				3D4E8C1722119C1C00644FA1 /* CommentRepresentation.swift */,
				3D4E8C192211A2A700644FA1 /* UserRepresentation.swift */,
				3D39736F22157175003D45FD /* RepresentationProtocol.swift */,
			);
			path = Models;
			sourceTree = "<group>";
		};
		3D4E8C072211906A00644FA1 /* BabylonDemoTests */ = {
			isa = PBXGroup;
			children = (
				3D4E8C122211916000644FA1 /* Mocks */,
				3D4382BA221340930046D568 /* FeedViewModelTests.swift */,
				3D4E8C0A2211906A00644FA1 /* Info.plist */,
			);
			path = BabylonDemoTests;
			sourceTree = "<group>";
		};
		3D4E8C10221190D600644FA1 /* Extensions */ = {
			isa = PBXGroup;
			children = (
			);
			path = Extensions;
			sourceTree = "<group>";
		};
		3D4E8C11221190DC00644FA1 /* Utils */ = {
			isa = PBXGroup;
			children = (
				3D308B6B22149F2600FC49C1 /* Appearance.swift */,
				3D308B6D22149F2D00FC49C1 /* Colors.swift */,
			);
			path = Utils;
			sourceTree = "<group>";
		};
		3D4E8C122211916000644FA1 /* Mocks */ = {
			isa = PBXGroup;
			children = (
				3D4382BC221341AA0046D568 /* TestData.swift */,
				3D4382C222134A040046D568 /* MockLoader.swift */,
			);
			path = Mocks;
			sourceTree = "<group>";
		};
		3D4E8C132211918400644FA1 /* PostFeed */ = {
			isa = PBXGroup;
			children = (
				3D4382B62212FBA70046D568 /* FeedViewController.swift */,
			);
			path = PostFeed;
			sourceTree = "<group>";
		};
		3D4E8C14221191B200644FA1 /* PostDetail */ = {
			isa = PBXGroup;
			children = (
				3D3F5AA522144FB600E09F86 /* PostDetailViewController.swift */,
			);
			path = PostDetail;
			sourceTree = "<group>";
		};
		BAB1ACCE46036C934DDE6215 /* Frameworks */ = {
			isa = PBXGroup;
			children = (
				A40032CE96D671C1D018CA28 /* Pods_BabylonDemo.framework */,
				4980E3A8E57C0C14BE2DF316 /* Pods_BabylonDemoTests.framework */,
			);
			name = Frameworks;
			sourceTree = "<group>";
		};
/* End PBXGroup section */

/* Begin PBXNativeTarget section */
		3D4E8BE722118E8900644FA1 /* BabylonDemo */ = {
			isa = PBXNativeTarget;
			buildConfigurationList = 3D4E8BFA22118E8A00644FA1 /* Build configuration list for PBXNativeTarget "BabylonDemo" */;
			buildPhases = (
				A04CE1775244F337C522EA33 /* [CP] Check Pods Manifest.lock */,
				3D4E8BE422118E8900644FA1 /* Sources */,
				3D4E8BE522118E8900644FA1 /* Frameworks */,
				3D4E8BE622118E8900644FA1 /* Resources */,
				DD560CE53A3D09F53F3EAC32 /* [CP] Embed Pods Frameworks */,
			);
			buildRules = (
			);
			dependencies = (
			);
			name = BabylonDemo;
			productName = BabylonDemo;
			productReference = 3D4E8BE822118E8900644FA1 /* BabylonDemo.app */;
			productType = "com.apple.product-type.application";
		};
		3D4E8C052211906A00644FA1 /* BabylonDemoTests */ = {
			isa = PBXNativeTarget;
			buildConfigurationList = 3D4E8C0D2211906A00644FA1 /* Build configuration list for PBXNativeTarget "BabylonDemoTests" */;
			buildPhases = (
				E5566842D3FD45374CB60ACD /* [CP] Check Pods Manifest.lock */,
				3D4E8C022211906A00644FA1 /* Sources */,
				3D4E8C032211906A00644FA1 /* Frameworks */,
				3D4E8C042211906A00644FA1 /* Resources */,
			);
			buildRules = (
			);
			dependencies = (
				3D4E8C0C2211906A00644FA1 /* PBXTargetDependency */,
			);
			name = BabylonDemoTests;
			productName = BabylonDemoTests;
			productReference = 3D4E8C062211906A00644FA1 /* BabylonDemoTests.xctest */;
			productType = "com.apple.product-type.bundle.unit-test";
		};
/* End PBXNativeTarget section */

/* Begin PBXProject section */
		3D4E8BE022118E8900644FA1 /* Project object */ = {
			isa = PBXProject;
			attributes = {
				LastSwiftUpdateCheck = 1010;
				LastUpgradeCheck = 1010;
				ORGANIZATIONNAME = "De MicheliStefano";
				TargetAttributes = {
					3D4E8BE722118E8900644FA1 = {
						CreatedOnToolsVersion = 10.1;
					};
					3D4E8C052211906A00644FA1 = {
						CreatedOnToolsVersion = 10.1;
						TestTargetID = 3D4E8BE722118E8900644FA1;
					};
				};
			};
			buildConfigurationList = 3D4E8BE322118E8900644FA1 /* Build configuration list for PBXProject "BabylonDemo" */;
			compatibilityVersion = "Xcode 9.3";
			developmentRegion = en;
			hasScannedForEncodings = 0;
			knownRegions = (
				en,
				Base,
			);
			mainGroup = 3D4E8BDF22118E8900644FA1;
			productRefGroup = 3D4E8BE922118E8900644FA1 /* Products */;
			projectDirPath = "";
			projectRoot = "";
			targets = (
				3D4E8BE722118E8900644FA1 /* BabylonDemo */,
				3D4E8C052211906A00644FA1 /* BabylonDemoTests */,
			);
		};
/* End PBXProject section */

/* Begin PBXResourcesBuildPhase section */
		3D4E8BE622118E8900644FA1 /* Resources */ = {
			isa = PBXResourcesBuildPhase;
			buildActionMask = 2147483647;
			files = (
				3D4E8BF622118E8A00644FA1 /* LaunchScreen.storyboard in Resources */,
				3D4E8BF322118E8A00644FA1 /* Assets.xcassets in Resources */,
				3D308B722214B83900FC49C1 /* Montserrat-SemiBold.ttf in Resources */,
				3D4E8BF122118E8900644FA1 /* Main.storyboard in Resources */,
			);
			runOnlyForDeploymentPostprocessing = 0;
		};
		3D4E8C042211906A00644FA1 /* Resources */ = {
			isa = PBXResourcesBuildPhase;
			buildActionMask = 2147483647;
			files = (
			);
			runOnlyForDeploymentPostprocessing = 0;
		};
/* End PBXResourcesBuildPhase section */

/* Begin PBXShellScriptBuildPhase section */
		A04CE1775244F337C522EA33 /* [CP] Check Pods Manifest.lock */ = {
			isa = PBXShellScriptBuildPhase;
			buildActionMask = 2147483647;
			files = (
			);
			inputFileListPaths = (
			);
			inputPaths = (
				"${PODS_PODFILE_DIR_PATH}/Podfile.lock",
				"${PODS_ROOT}/Manifest.lock",
			);
			name = "[CP] Check Pods Manifest.lock";
			outputFileListPaths = (
			);
			outputPaths = (
				"$(DERIVED_FILE_DIR)/Pods-BabylonDemo-checkManifestLockResult.txt",
			);
			runOnlyForDeploymentPostprocessing = 0;
			shellPath = /bin/sh;
			shellScript = "diff \"${PODS_PODFILE_DIR_PATH}/Podfile.lock\" \"${PODS_ROOT}/Manifest.lock\" > /dev/null\nif [ $? != 0 ] ; then\n    # print error to STDERR\n    echo \"error: The sandbox is not in sync with the Podfile.lock. Run 'pod install' or update your CocoaPods installation.\" >&2\n    exit 1\nfi\n# This output is used by Xcode 'outputs' to avoid re-running this script phase.\necho \"SUCCESS\" > \"${SCRIPT_OUTPUT_FILE_0}\"\n";
			showEnvVarsInLog = 0;
		};
		DD560CE53A3D09F53F3EAC32 /* [CP] Embed Pods Frameworks */ = {
			isa = PBXShellScriptBuildPhase;
			buildActionMask = 2147483647;
			files = (
			);
			inputFileListPaths = (
			);
			inputPaths = (
				"${SRCROOT}/Pods/Target Support Files/Pods-BabylonDemo/Pods-BabylonDemo-frameworks.sh",
				"${BUILT_PRODUCTS_DIR}/RxCocoa/RxCocoa.framework",
				"${BUILT_PRODUCTS_DIR}/RxSwift/RxSwift.framework",
			);
			name = "[CP] Embed Pods Frameworks";
			outputFileListPaths = (
			);
			outputPaths = (
				"${TARGET_BUILD_DIR}/${FRAMEWORKS_FOLDER_PATH}/RxCocoa.framework",
				"${TARGET_BUILD_DIR}/${FRAMEWORKS_FOLDER_PATH}/RxSwift.framework",
			);
			runOnlyForDeploymentPostprocessing = 0;
			shellPath = /bin/sh;
			shellScript = "\"${SRCROOT}/Pods/Target Support Files/Pods-BabylonDemo/Pods-BabylonDemo-frameworks.sh\"\n";
			showEnvVarsInLog = 0;
		};
		E5566842D3FD45374CB60ACD /* [CP] Check Pods Manifest.lock */ = {
			isa = PBXShellScriptBuildPhase;
			buildActionMask = 2147483647;
			files = (
			);
			inputFileListPaths = (
			);
			inputPaths = (
				"${PODS_PODFILE_DIR_PATH}/Podfile.lock",
				"${PODS_ROOT}/Manifest.lock",
			);
			name = "[CP] Check Pods Manifest.lock";
			outputFileListPaths = (
			);
			outputPaths = (
				"$(DERIVED_FILE_DIR)/Pods-BabylonDemoTests-checkManifestLockResult.txt",
			);
			runOnlyForDeploymentPostprocessing = 0;
			shellPath = /bin/sh;
			shellScript = "diff \"${PODS_PODFILE_DIR_PATH}/Podfile.lock\" \"${PODS_ROOT}/Manifest.lock\" > /dev/null\nif [ $? != 0 ] ; then\n    # print error to STDERR\n    echo \"error: The sandbox is not in sync with the Podfile.lock. Run 'pod install' or update your CocoaPods installation.\" >&2\n    exit 1\nfi\n# This output is used by Xcode 'outputs' to avoid re-running this script phase.\necho \"SUCCESS\" > \"${SCRIPT_OUTPUT_FILE_0}\"\n";
			showEnvVarsInLog = 0;
		};
/* End PBXShellScriptBuildPhase section */

/* Begin PBXSourcesBuildPhase section */
		3D4E8BE422118E8900644FA1 /* Sources */ = {
			isa = PBXSourcesBuildPhase;
			buildActionMask = 2147483647;
			files = (
				3D4E8C212211A9B800644FA1 /* FeedAPI.swift in Sources */,
				3D3F5AA622144FB600E09F86 /* PostDetailViewController.swift in Sources */,
				3D4E8C1C2211A2FD00644FA1 /* FeedStore.swift in Sources */,
				3D308B6E22149F2D00FC49C1 /* Colors.swift in Sources */,
				3D39737022157175003D45FD /* RepresentationProtocol.swift in Sources */,
				3D4E8C1822119C1C00644FA1 /* CommentRepresentation.swift in Sources */,
				3D4E8C1A2211A2A700644FA1 /* UserRepresentation.swift in Sources */,
				3D3F5AA4221426AC00E09F86 /* PostDetailViewModel.swift in Sources */,
				3D3973722215D74F003D45FD /* FeedError.swift in Sources */,
				3D4E8C1F2211A36E00644FA1 /* Feed.xcdatamodeld in Sources */,
				3D4E8C16221192FF00644FA1 /* PostRepresentation.swift in Sources */,
				3D4E8C232211B88100644FA1 /* FeedLoader.swift in Sources */,
				3D4382B72212FBA70046D568 /* FeedViewController.swift in Sources */,
				3D4382C1221346190046D568 /* DataLoader.swift in Sources */,
				3D308B6C22149F2600FC49C1 /* Appearance.swift in Sources */,
				3D397388221603D4003D45FD /* ErrorView.swift in Sources */,
				3D4E8BEC22118E8900644FA1 /* AppDelegate.swift in Sources */,
				3D3F5AA822146A3B00E09F86 /* AppCoordinator.swift in Sources */,
				3D4382B52212F3F00046D568 /* ViewModelType.swift in Sources */,
				3D4382B32212E6570046D568 /* FeedViewModel.swift in Sources */,
			);
			runOnlyForDeploymentPostprocessing = 0;
		};
		3D4E8C022211906A00644FA1 /* Sources */ = {
			isa = PBXSourcesBuildPhase;
			buildActionMask = 2147483647;
			files = (
				3D4382C322134A040046D568 /* MockLoader.swift in Sources */,
				3D4382BD221341AA0046D568 /* TestData.swift in Sources */,
				3D4382BB221340930046D568 /* FeedViewModelTests.swift in Sources */,
			);
			runOnlyForDeploymentPostprocessing = 0;
		};
/* End PBXSourcesBuildPhase section */

/* Begin PBXTargetDependency section */
		3D4E8C0C2211906A00644FA1 /* PBXTargetDependency */ = {
			isa = PBXTargetDependency;
			target = 3D4E8BE722118E8900644FA1 /* BabylonDemo */;
			targetProxy = 3D4E8C0B2211906A00644FA1 /* PBXContainerItemProxy */;
		};
/* End PBXTargetDependency section */

/* Begin PBXVariantGroup section */
		3D4E8BEF22118E8900644FA1 /* Main.storyboard */ = {
			isa = PBXVariantGroup;
			children = (
				3D4E8BF022118E8900644FA1 /* Base */,
			);
			name = Main.storyboard;
			sourceTree = "<group>";
		};
		3D4E8BF422118E8A00644FA1 /* LaunchScreen.storyboard */ = {
			isa = PBXVariantGroup;
			children = (
				3D4E8BF522118E8A00644FA1 /* Base */,
			);
			name = LaunchScreen.storyboard;
			sourceTree = "<group>";
		};
/* End PBXVariantGroup section */

/* Begin XCBuildConfiguration section */
		3D4E8BF822118E8A00644FA1 /* Debug */ = {
			isa = XCBuildConfiguration;
			buildSettings = {
				ALWAYS_SEARCH_USER_PATHS = NO;
				CLANG_ANALYZER_NONNULL = YES;
				CLANG_ANALYZER_NUMBER_OBJECT_CONVERSION = YES_AGGRESSIVE;
				CLANG_CXX_LANGUAGE_STANDARD = "gnu++14";
				CLANG_CXX_LIBRARY = "libc++";
				CLANG_ENABLE_MODULES = YES;
				CLANG_ENABLE_OBJC_ARC = YES;
				CLANG_ENABLE_OBJC_WEAK = YES;
				CLANG_WARN_BLOCK_CAPTURE_AUTORELEASING = YES;
				CLANG_WARN_BOOL_CONVERSION = YES;
				CLANG_WARN_COMMA = YES;
				CLANG_WARN_CONSTANT_CONVERSION = YES;
				CLANG_WARN_DEPRECATED_OBJC_IMPLEMENTATIONS = YES;
				CLANG_WARN_DIRECT_OBJC_ISA_USAGE = YES_ERROR;
				CLANG_WARN_DOCUMENTATION_COMMENTS = YES;
				CLANG_WARN_EMPTY_BODY = YES;
				CLANG_WARN_ENUM_CONVERSION = YES;
				CLANG_WARN_INFINITE_RECURSION = YES;
				CLANG_WARN_INT_CONVERSION = YES;
				CLANG_WARN_NON_LITERAL_NULL_CONVERSION = YES;
				CLANG_WARN_OBJC_IMPLICIT_RETAIN_SELF = YES;
				CLANG_WARN_OBJC_LITERAL_CONVERSION = YES;
				CLANG_WARN_OBJC_ROOT_CLASS = YES_ERROR;
				CLANG_WARN_RANGE_LOOP_ANALYSIS = YES;
				CLANG_WARN_STRICT_PROTOTYPES = YES;
				CLANG_WARN_SUSPICIOUS_MOVE = YES;
				CLANG_WARN_UNGUARDED_AVAILABILITY = YES_AGGRESSIVE;
				CLANG_WARN_UNREACHABLE_CODE = YES;
				CLANG_WARN__DUPLICATE_METHOD_MATCH = YES;
				CODE_SIGN_IDENTITY = "iPhone Developer";
				COPY_PHASE_STRIP = NO;
				DEBUG_INFORMATION_FORMAT = dwarf;
				ENABLE_STRICT_OBJC_MSGSEND = YES;
				ENABLE_TESTABILITY = YES;
				GCC_C_LANGUAGE_STANDARD = gnu11;
				GCC_DYNAMIC_NO_PIC = NO;
				GCC_NO_COMMON_BLOCKS = YES;
				GCC_OPTIMIZATION_LEVEL = 0;
				GCC_PREPROCESSOR_DEFINITIONS = (
					"DEBUG=1",
					"$(inherited)",
				);
				GCC_WARN_64_TO_32_BIT_CONVERSION = YES;
				GCC_WARN_ABOUT_RETURN_TYPE = YES_ERROR;
				GCC_WARN_UNDECLARED_SELECTOR = YES;
				GCC_WARN_UNINITIALIZED_AUTOS = YES_AGGRESSIVE;
				GCC_WARN_UNUSED_FUNCTION = YES;
				GCC_WARN_UNUSED_VARIABLE = YES;
				IPHONEOS_DEPLOYMENT_TARGET = 12.1;
				MTL_ENABLE_DEBUG_INFO = INCLUDE_SOURCE;
				MTL_FAST_MATH = YES;
				ONLY_ACTIVE_ARCH = YES;
				SDKROOT = iphoneos;
				SWIFT_ACTIVE_COMPILATION_CONDITIONS = DEBUG;
				SWIFT_OPTIMIZATION_LEVEL = "-Onone";
				SWIFT_VERSION = 4.2;
			};
			name = Debug;
		};
		3D4E8BF922118E8A00644FA1 /* Release */ = {
			isa = XCBuildConfiguration;
			buildSettings = {
				ALWAYS_SEARCH_USER_PATHS = NO;
				CLANG_ANALYZER_NONNULL = YES;
				CLANG_ANALYZER_NUMBER_OBJECT_CONVERSION = YES_AGGRESSIVE;
				CLANG_CXX_LANGUAGE_STANDARD = "gnu++14";
				CLANG_CXX_LIBRARY = "libc++";
				CLANG_ENABLE_MODULES = YES;
				CLANG_ENABLE_OBJC_ARC = YES;
				CLANG_ENABLE_OBJC_WEAK = YES;
				CLANG_WARN_BLOCK_CAPTURE_AUTORELEASING = YES;
				CLANG_WARN_BOOL_CONVERSION = YES;
				CLANG_WARN_COMMA = YES;
				CLANG_WARN_CONSTANT_CONVERSION = YES;
				CLANG_WARN_DEPRECATED_OBJC_IMPLEMENTATIONS = YES;
				CLANG_WARN_DIRECT_OBJC_ISA_USAGE = YES_ERROR;
				CLANG_WARN_DOCUMENTATION_COMMENTS = YES;
				CLANG_WARN_EMPTY_BODY = YES;
				CLANG_WARN_ENUM_CONVERSION = YES;
				CLANG_WARN_INFINITE_RECURSION = YES;
				CLANG_WARN_INT_CONVERSION = YES;
				CLANG_WARN_NON_LITERAL_NULL_CONVERSION = YES;
				CLANG_WARN_OBJC_IMPLICIT_RETAIN_SELF = YES;
				CLANG_WARN_OBJC_LITERAL_CONVERSION = YES;
				CLANG_WARN_OBJC_ROOT_CLASS = YES_ERROR;
				CLANG_WARN_RANGE_LOOP_ANALYSIS = YES;
				CLANG_WARN_STRICT_PROTOTYPES = YES;
				CLANG_WARN_SUSPICIOUS_MOVE = YES;
				CLANG_WARN_UNGUARDED_AVAILABILITY = YES_AGGRESSIVE;
				CLANG_WARN_UNREACHABLE_CODE = YES;
				CLANG_WARN__DUPLICATE_METHOD_MATCH = YES;
				CODE_SIGN_IDENTITY = "iPhone Developer";
				COPY_PHASE_STRIP = NO;
				DEBUG_INFORMATION_FORMAT = "dwarf-with-dsym";
				ENABLE_NS_ASSERTIONS = NO;
				ENABLE_STRICT_OBJC_MSGSEND = YES;
				GCC_C_LANGUAGE_STANDARD = gnu11;
				GCC_NO_COMMON_BLOCKS = YES;
				GCC_WARN_64_TO_32_BIT_CONVERSION = YES;
				GCC_WARN_ABOUT_RETURN_TYPE = YES_ERROR;
				GCC_WARN_UNDECLARED_SELECTOR = YES;
				GCC_WARN_UNINITIALIZED_AUTOS = YES_AGGRESSIVE;
				GCC_WARN_UNUSED_FUNCTION = YES;
				GCC_WARN_UNUSED_VARIABLE = YES;
				IPHONEOS_DEPLOYMENT_TARGET = 12.1;
				MTL_ENABLE_DEBUG_INFO = NO;
				MTL_FAST_MATH = YES;
				SDKROOT = iphoneos;
				SWIFT_COMPILATION_MODE = wholemodule;
				SWIFT_OPTIMIZATION_LEVEL = "-O";
				SWIFT_VERSION = 4.2;
				VALIDATE_PRODUCT = YES;
			};
			name = Release;
		};
		3D4E8BFB22118E8A00644FA1 /* Debug */ = {
			isa = XCBuildConfiguration;
			baseConfigurationReference = 12B5C67A0D2E0220BB247B6B /* Pods-BabylonDemo.debug.xcconfig */;
			buildSettings = {
				ASSETCATALOG_COMPILER_APPICON_NAME = AppIcon;
				CODE_SIGN_STYLE = Automatic;
				DEVELOPMENT_TEAM = 84BULQXU2Q;
				INFOPLIST_FILE = "$(SRCROOT)/BabylonDemo/Resources/Info.plist";
				LD_RUNPATH_SEARCH_PATHS = (
					"$(inherited)",
					"@executable_path/Frameworks",
				);
				PRODUCT_BUNDLE_IDENTIFIER = com.stefano.BabylonDemo;
				PRODUCT_NAME = "$(TARGET_NAME)";
				SWIFT_VERSION = 4.2;
				TARGETED_DEVICE_FAMILY = "1,2";
			};
			name = Debug;
		};
		3D4E8BFC22118E8A00644FA1 /* Release */ = {
			isa = XCBuildConfiguration;
			baseConfigurationReference = 686B912F40E3092E35C074BD /* Pods-BabylonDemo.release.xcconfig */;
			buildSettings = {
				ASSETCATALOG_COMPILER_APPICON_NAME = AppIcon;
				CODE_SIGN_STYLE = Automatic;
				DEVELOPMENT_TEAM = 84BULQXU2Q;
				INFOPLIST_FILE = "$(SRCROOT)/BabylonDemo/Resources/Info.plist";
				LD_RUNPATH_SEARCH_PATHS = (
					"$(inherited)",
					"@executable_path/Frameworks",
				);
				PRODUCT_BUNDLE_IDENTIFIER = com.stefano.BabylonDemo;
				PRODUCT_NAME = "$(TARGET_NAME)";
				SWIFT_VERSION = 4.2;
				TARGETED_DEVICE_FAMILY = "1,2";
			};
			name = Release;
		};
		3D4E8C0E2211906A00644FA1 /* Debug */ = {
			isa = XCBuildConfiguration;
			baseConfigurationReference = 6EF5041803540F2E75E8D6FA /* Pods-BabylonDemoTests.debug.xcconfig */;
			buildSettings = {
				BUNDLE_LOADER = "$(TEST_HOST)";
				CODE_SIGN_STYLE = Automatic;
				DEVELOPMENT_TEAM = 84BULQXU2Q;
				INFOPLIST_FILE = BabylonDemoTests/Info.plist;
				LD_RUNPATH_SEARCH_PATHS = (
					"$(inherited)",
					"@executable_path/Frameworks",
					"@loader_path/Frameworks",
				);
				PRODUCT_BUNDLE_IDENTIFIER = com.stefano.BabylonDemoTests;
				PRODUCT_NAME = "$(TARGET_NAME)";
				SWIFT_VERSION = 4.2;
				TARGETED_DEVICE_FAMILY = "1,2";
				TEST_HOST = "$(BUILT_PRODUCTS_DIR)/BabylonDemo.app/BabylonDemo";
			};
			name = Debug;
		};
		3D4E8C0F2211906A00644FA1 /* Release */ = {
			isa = XCBuildConfiguration;
			baseConfigurationReference = EA7D74BD4374D575C58E8316 /* Pods-BabylonDemoTests.release.xcconfig */;
			buildSettings = {
				BUNDLE_LOADER = "$(TEST_HOST)";
				CODE_SIGN_STYLE = Automatic;
				DEVELOPMENT_TEAM = 84BULQXU2Q;
				INFOPLIST_FILE = BabylonDemoTests/Info.plist;
				LD_RUNPATH_SEARCH_PATHS = (
					"$(inherited)",
					"@executable_path/Frameworks",
					"@loader_path/Frameworks",
				);
				PRODUCT_BUNDLE_IDENTIFIER = com.stefano.BabylonDemoTests;
				PRODUCT_NAME = "$(TARGET_NAME)";
				SWIFT_VERSION = 4.2;
				TARGETED_DEVICE_FAMILY = "1,2";
				TEST_HOST = "$(BUILT_PRODUCTS_DIR)/BabylonDemo.app/BabylonDemo";
			};
			name = Release;
		};
/* End XCBuildConfiguration section */

/* Begin XCConfigurationList section */
		3D4E8BE322118E8900644FA1 /* Build configuration list for PBXProject "BabylonDemo" */ = {
			isa = XCConfigurationList;
			buildConfigurations = (
				3D4E8BF822118E8A00644FA1 /* Debug */,
				3D4E8BF922118E8A00644FA1 /* Release */,
			);
			defaultConfigurationIsVisible = 0;
			defaultConfigurationName = Release;
		};
		3D4E8BFA22118E8A00644FA1 /* Build configuration list for PBXNativeTarget "BabylonDemo" */ = {
			isa = XCConfigurationList;
			buildConfigurations = (
				3D4E8BFB22118E8A00644FA1 /* Debug */,
				3D4E8BFC22118E8A00644FA1 /* Release */,
			);
			defaultConfigurationIsVisible = 0;
			defaultConfigurationName = Release;
		};
		3D4E8C0D2211906A00644FA1 /* Build configuration list for PBXNativeTarget "BabylonDemoTests" */ = {
			isa = XCConfigurationList;
			buildConfigurations = (
				3D4E8C0E2211906A00644FA1 /* Debug */,
				3D4E8C0F2211906A00644FA1 /* Release */,
			);
			defaultConfigurationIsVisible = 0;
			defaultConfigurationName = Release;
		};
/* End XCConfigurationList section */

/* Begin XCVersionGroup section */
		3D4E8C1D2211A36E00644FA1 /* Feed.xcdatamodeld */ = {
			isa = XCVersionGroup;
			children = (
				3D4E8C1E2211A36E00644FA1 /* Feed.xcdatamodel */,
			);
			currentVersion = 3D4E8C1E2211A36E00644FA1 /* Feed.xcdatamodel */;
			path = Feed.xcdatamodeld;
			sourceTree = "<group>";
			versionGroupType = wrapper.xcdatamodel;
		};
/* End XCVersionGroup section */
	};
	rootObject = 3D4E8BE022118E8900644FA1 /* Project object */;
}
